// !$*UTF8*$!
{
	archiveVersion = 1;
	classes = {
	};
	objectVersion = 46;
	objects = {

/* Begin PBXBuildFile section */
		D92EC7541C4A5675000FB00F /* AppDelegate.swift in Sources */ = {isa = PBXBuildFile; fileRef = D92EC7531C4A5675000FB00F /* AppDelegate.swift */; };
		D92EC7561C4A5675000FB00F /* ViewController.swift in Sources */ = {isa = PBXBuildFile; fileRef = D92EC7551C4A5675000FB00F /* ViewController.swift */; };
		D92EC7591C4A5675000FB00F /* Main.storyboard in Resources */ = {isa = PBXBuildFile; fileRef = D92EC7571C4A5675000FB00F /* Main.storyboard */; };
		D92EC75C1C4A5675000FB00F /* TestFiele_TestViewSample.xcdatamodeld in Sources */ = {isa = PBXBuildFile; fileRef = D92EC75A1C4A5675000FB00F /* TestFiele_TestViewSample.xcdatamodeld */; };
		D92EC75E1C4A5675000FB00F /* Assets.xcassets in Resources */ = {isa = PBXBuildFile; fileRef = D92EC75D1C4A5675000FB00F /* Assets.xcassets */; };
		D92EC7611C4A5675000FB00F /* LaunchScreen.storyboard in Resources */ = {isa = PBXBuildFile; fileRef = D92EC75F1C4A5675000FB00F /* LaunchScreen.storyboard */; };
		D92EC76C1C4A5675000FB00F /* TestFiele_TestViewSampleTests.swift in Sources */ = {isa = PBXBuildFile; fileRef = D92EC76B1C4A5675000FB00F /* TestFiele_TestViewSampleTests.swift */; };
		D92EC7771C4A5675000FB00F /* TestFiele_TestViewSampleUITests.swift in Sources */ = {isa = PBXBuildFile; fileRef = D92EC7761C4A5675000FB00F /* TestFiele_TestViewSampleUITests.swift */; };
/* End PBXBuildFile section */

/* Begin PBXContainerItemProxy section */
		D92EC7681C4A5675000FB00F /* PBXContainerItemProxy */ = {
			isa = PBXContainerItemProxy;
			containerPortal = D92EC7481C4A5675000FB00F /* Project object */;
			proxyType = 1;
			remoteGlobalIDString = D92EC74F1C4A5675000FB00F;
			remoteInfo = TestFiele_TestViewSample;
		};
		D92EC7731C4A5675000FB00F /* PBXContainerItemProxy */ = {
			isa = PBXContainerItemProxy;
			containerPortal = D92EC7481C4A5675000FB00F /* Project object */;
			proxyType = 1;
			remoteGlobalIDString = D92EC74F1C4A5675000FB00F;
			remoteInfo = TestFiele_TestViewSample;
		};
/* End PBXContainerItemProxy section */

/* Begin PBXFileReference section */
		D92EC7501C4A5675000FB00F /* TestFiele_TestViewSample.app */ = {isa = PBXFileReference; explicitFileType = wrapper.application; includeInIndex = 0; path = TestFiele_TestViewSample.app; sourceTree = BUILT_PRODUCTS_DIR; };
		D92EC7531C4A5675000FB00F /* AppDelegate.swift */ = {isa = PBXFileReference; lastKnownFileType = sourcecode.swift; path = AppDelegate.swift; sourceTree = "<group>"; };
		D92EC7551C4A5675000FB00F /* ViewController.swift */ = {isa = PBXFileReference; lastKnownFileType = sourcecode.swift; path = ViewController.swift; sourceTree = "<group>"; };
		D92EC7581C4A5675000FB00F /* Base */ = {isa = PBXFileReference; lastKnownFileType = file.storyboard; name = Base; path = Base.lproj/Main.storyboard; sourceTree = "<group>"; };
		D92EC75B1C4A5675000FB00F /* TestFiele_TestViewSample.xcdatamodel */ = {isa = PBXFileReference; lastKnownFileType = wrapper.xcdatamodel; path = TestFiele_TestViewSample.xcdatamodel; sourceTree = "<group>"; };
		D92EC75D1C4A5675000FB00F /* Assets.xcassets */ = {isa = PBXFileReference; lastKnownFileType = folder.assetcatalog; path = Assets.xcassets; sourceTree = "<group>"; };
		D92EC7601C4A5675000FB00F /* Base */ = {isa = PBXFileReference; lastKnownFileType = file.storyboard; name = Base; path = Base.lproj/LaunchScreen.storyboard; sourceTree = "<group>"; };
		D92EC7621C4A5675000FB00F /* Info.plist */ = {isa = PBXFileReference; lastKnownFileType = text.plist.xml; path = Info.plist; sourceTree = "<group>"; };
		D92EC7671C4A5675000FB00F /* TestFiele_TestViewSampleTests.xctest */ = {isa = PBXFileReference; explicitFileType = wrapper.cfbundle; includeInIndex = 0; path = TestFiele_TestViewSampleTests.xctest; sourceTree = BUILT_PRODUCTS_DIR; };
		D92EC76B1C4A5675000FB00F /* TestFiele_TestViewSampleTests.swift */ = {isa = PBXFileReference; lastKnownFileType = sourcecode.swift; path = TestFiele_TestViewSampleTests.swift; sourceTree = "<group>"; };
		D92EC76D1C4A5675000FB00F /* Info.plist */ = {isa = PBXFileReference; lastKnownFileType = text.plist.xml; path = Info.plist; sourceTree = "<group>"; };
		D92EC7721C4A5675000FB00F /* TestFiele_TestViewSampleUITests.xctest */ = {isa = PBXFileReference; explicitFileType = wrapper.cfbundle; includeInIndex = 0; path = TestFiele_TestViewSampleUITests.xctest; sourceTree = BUILT_PRODUCTS_DIR; };
		D92EC7761C4A5675000FB00F /* TestFiele_TestViewSampleUITests.swift */ = {isa = PBXFileReference; lastKnownFileType = sourcecode.swift; path = TestFiele_TestViewSampleUITests.swift; sourceTree = "<group>"; };
		D92EC7781C4A5675000FB00F /* Info.plist */ = {isa = PBXFileReference; lastKnownFileType = text.plist.xml; path = Info.plist; sourceTree = "<group>"; };
/* End PBXFileReference section */

/* Begin PBXFrameworksBuildPhase section */
		D92EC74D1C4A5675000FB00F /* Frameworks */ = {
			isa = PBXFrameworksBuildPhase;
			buildActionMask = 2147483647;
			files = (
			);
			runOnlyForDeploymentPostprocessing = 0;
		};
		D92EC7641C4A5675000FB00F /* Frameworks */ = {
			isa = PBXFrameworksBuildPhase;
			buildActionMask = 2147483647;
			files = (
			);
			runOnlyForDeploymentPostprocessing = 0;
		};
		D92EC76F1C4A5675000FB00F /* Frameworks */ = {
			isa = PBXFrameworksBuildPhase;
			buildActionMask = 2147483647;
			files = (
			);
			runOnlyForDeploymentPostprocessing = 0;
		};
/* End PBXFrameworksBuildPhase section */

/* Begin PBXGroup section */
		D92EC7471C4A5675000FB00F = {
			isa = PBXGroup;
			children = (
				D92EC7521C4A5675000FB00F /* TestFiele_TestViewSample */,
				D92EC76A1C4A5675000FB00F /* TestFiele_TestViewSampleTests */,
				D92EC7751C4A5675000FB00F /* TestFiele_TestViewSampleUITests */,
				D92EC7511C4A5675000FB00F /* Products */,
			);
			sourceTree = "<group>";
		};
		D92EC7511C4A5675000FB00F /* Products */ = {
			isa = PBXGroup;
			children = (
				D92EC7501C4A5675000FB00F /* TestFiele_TestViewSample.app */,
				D92EC7671C4A5675000FB00F /* TestFiele_TestViewSampleTests.xctest */,
				D92EC7721C4A5675000FB00F /* TestFiele_TestViewSampleUITests.xctest */,
			);
			name = Products;
			sourceTree = "<group>";
		};
		D92EC7521C4A5675000FB00F /* TestFiele_TestViewSample */ = {
			isa = PBXGroup;
			children = (
				D92EC7531C4A5675000FB00F /* AppDelegate.swift */,
				D92EC7551C4A5675000FB00F /* ViewController.swift */,
				D92EC7571C4A5675000FB00F /* Main.storyboard */,
				D92EC75D1C4A5675000FB00F /* Assets.xcassets */,
				D92EC75F1C4A5675000FB00F /* LaunchScreen.storyboard */,
				D92EC7621C4A5675000FB00F /* Info.plist */,
				D92EC75A1C4A5675000FB00F /* TestFiele_TestViewSample.xcdatamodeld */,
			);
			path = TestFiele_TestViewSample;
			sourceTree = "<group>";
		};
		D92EC76A1C4A5675000FB00F /* TestFiele_TestViewSampleTests */ = {
			isa = PBXGroup;
			children = (
				D92EC76B1C4A5675000FB00F /* TestFiele_TestViewSampleTests.swift */,
				D92EC76D1C4A5675000FB00F /* Info.plist */,
			);
			path = TestFiele_TestViewSampleTests;
			sourceTree = "<group>";
		};
		D92EC7751C4A5675000FB00F /* TestFiele_TestViewSampleUITests */ = {
			isa = PBXGroup;
			children = (
				D92EC7761C4A5675000FB00F /* TestFiele_TestViewSampleUITests.swift */,
				D92EC7781C4A5675000FB00F /* Info.plist */,
			);
			path = TestFiele_TestViewSampleUITests;
			sourceTree = "<group>";
		};
/* End PBXGroup section */

/* Begin PBXNativeTarget section */
		D92EC74F1C4A5675000FB00F /* TestFiele_TestViewSample */ = {
			isa = PBXNativeTarget;
			buildConfigurationList = D92EC77B1C4A5675000FB00F /* Build configuration list for PBXNativeTarget "TestFiele_TestViewSample" */;
			buildPhases = (
				D92EC74C1C4A5675000FB00F /* Sources */,
				D92EC74D1C4A5675000FB00F /* Frameworks */,
				D92EC74E1C4A5675000FB00F /* Resources */,
			);
			buildRules = (
			);
			dependencies = (
			);
			name = TestFiele_TestViewSample;
			productName = TestFiele_TestViewSample;
			productReference = D92EC7501C4A5675000FB00F /* TestFiele_TestViewSample.app */;
			productType = "com.apple.product-type.application";
		};
		D92EC7661C4A5675000FB00F /* TestFiele_TestViewSampleTests */ = {
			isa = PBXNativeTarget;
			buildConfigurationList = D92EC77E1C4A5675000FB00F /* Build configuration list for PBXNativeTarget "TestFiele_TestViewSampleTests" */;
			buildPhases = (
				D92EC7631C4A5675000FB00F /* Sources */,
				D92EC7641C4A5675000FB00F /* Frameworks */,
				D92EC7651C4A5675000FB00F /* Resources */,
			);
			buildRules = (
			);
			dependencies = (
				D92EC7691C4A5675000FB00F /* PBXTargetDependency */,
			);
			name = TestFiele_TestViewSampleTests;
			productName = TestFiele_TestViewSampleTests;
			productReference = D92EC7671C4A5675000FB00F /* TestFiele_TestViewSampleTests.xctest */;
			productType = "com.apple.product-type.bundle.unit-test";
		};
		D92EC7711C4A5675000FB00F /* TestFiele_TestViewSampleUITests */ = {
			isa = PBXNativeTarget;
			buildConfigurationList = D92EC7811C4A5675000FB00F /* Build configuration list for PBXNativeTarget "TestFiele_TestViewSampleUITests" */;
			buildPhases = (
				D92EC76E1C4A5675000FB00F /* Sources */,
				D92EC76F1C4A5675000FB00F /* Frameworks */,
				D92EC7701C4A5675000FB00F /* Resources */,
			);
			buildRules = (
			);
			dependencies = (
				D92EC7741C4A5675000FB00F /* PBXTargetDependency */,
			);
			name = TestFiele_TestViewSampleUITests;
			productName = TestFiele_TestViewSampleUITests;
			productReference = D92EC7721C4A5675000FB00F /* TestFiele_TestViewSampleUITests.xctest */;
			productType = "com.apple.product-type.bundle.ui-testing";
		};
/* End PBXNativeTarget section */

/* Begin PBXProject section */
		D92EC7481C4A5675000FB00F /* Project object */ = {
			isa = PBXProject;
			attributes = {
				LastSwiftUpdateCheck = 0720;
				LastUpgradeCheck = 0720;
				ORGANIZATIONNAME = Bean;
				TargetAttributes = {
					D92EC74F1C4A5675000FB00F = {
						CreatedOnToolsVersion = 7.2;
					};
					D92EC7661C4A5675000FB00F = {
						CreatedOnToolsVersion = 7.2;
						TestTargetID = D92EC74F1C4A5675000FB00F;
					};
					D92EC7711C4A5675000FB00F = {
						CreatedOnToolsVersion = 7.2;
						TestTargetID = D92EC74F1C4A5675000FB00F;
					};
				};
			};
			buildConfigurationList = D92EC74B1C4A5675000FB00F /* Build configuration list for PBXProject "TestFiele_TestViewSample" */;
			compatibilityVersion = "Xcode 3.2";
			developmentRegion = English;
			hasScannedForEncodings = 0;
			knownRegions = (
				en,
				Base,
			);
			mainGroup = D92EC7471C4A5675000FB00F;
			productRefGroup = D92EC7511C4A5675000FB00F /* Products */;
			projectDirPath = "";
			projectRoot = "";
			targets = (
				D92EC74F1C4A5675000FB00F /* TestFiele_TestViewSample */,
				D92EC7661C4A5675000FB00F /* TestFiele_TestViewSampleTests */,
				D92EC7711C4A5675000FB00F /* TestFiele_TestViewSampleUITests */,
			);
		};
/* End PBXProject section */

/* Begin PBXResourcesBuildPhase section */
		D92EC74E1C4A5675000FB00F /* Resources */ = {
			isa = PBXResourcesBuildPhase;
			buildActionMask = 2147483647;
			files = (
				D92EC7611C4A5675000FB00F /* LaunchScreen.storyboard in Resources */,
				D92EC75E1C4A5675000FB00F /* Assets.xcassets in Resources */,
				D92EC7591C4A5675000FB00F /* Main.storyboard in Resources */,
			);
			runOnlyForDeploymentPostprocessing = 0;
		};
		D92EC7651C4A5675000FB00F /* Resources */ = {
			isa = PBXResourcesBuildPhase;
			buildActionMask = 2147483647;
			files = (
			);
			runOnlyForDeploymentPostprocessing = 0;
		};
		D92EC7701C4A5675000FB00F /* Resources */ = {
			isa = PBXResourcesBuildPhase;
			buildActionMask = 2147483647;
			files = (
			);
			runOnlyForDeploymentPostprocessing = 0;
		};
/* End PBXResourcesBuildPhase section */

/* Begin PBXSourcesBuildPhase section */
		D92EC74C1C4A5675000FB00F /* Sources */ = {
			isa = PBXSourcesBuildPhase;
			buildActionMask = 2147483647;
			files = (
				D92EC7561C4A5675000FB00F /* ViewController.swift in Sources */,
				D92EC75C1C4A5675000FB00F /* TestFiele_TestViewSample.xcdatamodeld in Sources */,
				D92EC7541C4A5675000FB00F /* AppDelegate.swift in Sources */,
			);
			runOnlyForDeploymentPostprocessing = 0;
		};
		D92EC7631C4A5675000FB00F /* Sources */ = {
			isa = PBXSourcesBuildPhase;
			buildActionMask = 2147483647;
			files = (
				D92EC76C1C4A5675000FB00F /* TestFiele_TestViewSampleTests.swift in Sources */,
			);
			runOnlyForDeploymentPostprocessing = 0;
		};
		D92EC76E1C4A5675000FB00F /* Sources */ = {
			isa = PBXSourcesBuildPhase;
			buildActionMask = 2147483647;
			files = (
				D92EC7771C4A5675000FB00F /* TestFiele_TestViewSampleUITests.swift in Sources */,
			);
			runOnlyForDeploymentPostprocessing = 0;
		};
/* End PBXSourcesBuildPhase section */

/* Begin PBXTargetDependency section */
		D92EC7691C4A5675000FB00F /* PBXTargetDependency */ = {
			isa = PBXTargetDependency;
			target = D92EC74F1C4A5675000FB00F /* TestFiele_TestViewSample */;
			targetProxy = D92EC7681C4A5675000FB00F /* PBXContainerItemProxy */;
		};
		D92EC7741C4A5675000FB00F /* PBXTargetDependency */ = {
			isa = PBXTargetDependency;
			target = D92EC74F1C4A5675000FB00F /* TestFiele_TestViewSample */;
			targetProxy = D92EC7731C4A5675000FB00F /* PBXContainerItemProxy */;
		};
/* End PBXTargetDependency section */

/* Begin PBXVariantGroup section */
		D92EC7571C4A5675000FB00F /* Main.storyboard */ = {
			isa = PBXVariantGroup;
			children = (
				D92EC7581C4A5675000FB00F /* Base */,
			);
			name = Main.storyboard;
			sourceTree = "<group>";
		};
		D92EC75F1C4A5675000FB00F /* LaunchScreen.storyboard */ = {
			isa = PBXVariantGroup;
			children = (
				D92EC7601C4A5675000FB00F /* Base */,
			);
			name = LaunchScreen.storyboard;
			sourceTree = "<group>";
		};
/* End PBXVariantGroup section */

/* Begin XCBuildConfiguration section */
		D92EC7791C4A5675000FB00F /* Debug */ = {
			isa = XCBuildConfiguration;
			buildSettings = {
				ALWAYS_SEARCH_USER_PATHS = NO;
				CLANG_CXX_LANGUAGE_STANDARD = "gnu++0x";
				CLANG_CXX_LIBRARY = "libc++";
				CLANG_ENABLE_MODULES = YES;
				CLANG_ENABLE_OBJC_ARC = YES;
				CLANG_WARN_BOOL_CONVERSION = YES;
				CLANG_WARN_CONSTANT_CONVERSION = YES;
				CLANG_WARN_DIRECT_OBJC_ISA_USAGE = YES_ERROR;
				CLANG_WARN_EMPTY_BODY = YES;
				CLANG_WARN_ENUM_CONVERSION = YES;
				CLANG_WARN_INT_CONVERSION = YES;
				CLANG_WARN_OBJC_ROOT_CLASS = YES_ERROR;
				CLANG_WARN_UNREACHABLE_CODE = YES;
				CLANG_WARN__DUPLICATE_METHOD_MATCH = YES;
				"CODE_SIGN_IDENTITY[sdk=iphoneos*]" = "iPhone Developer";
				COPY_PHASE_STRIP = NO;
				DEBUG_INFORMATION_FORMAT = dwarf;
				ENABLE_STRICT_OBJC_MSGSEND = YES;
				ENABLE_TESTABILITY = YES;
				GCC_C_LANGUAGE_STANDARD = gnu99;
				GCC_DYNAMIC_NO_PIC = NO;
				GCC_NO_COMMON_BLOCKS = YES;
				GCC_OPTIMIZATION_LEVEL = 0;
				GCC_PREPROCESSOR_DEFINITIONS = (
					"DEBUG=1",
					"$(inherited)",
				);
				GCC_WARN_64_TO_32_BIT_CONVERSION = YES;
				GCC_WARN_ABOUT_RETURN_TYPE = YES_ERROR;
				GCC_WARN_UNDECLARED_SELECTOR = YES;
				GCC_WARN_UNINITIALIZED_AUTOS = YES_AGGRESSIVE;
				GCC_WARN_UNUSED_FUNCTION = YES;
				GCC_WARN_UNUSED_VARIABLE = YES;
				IPHONEOS_DEPLOYMENT_TARGET = 9.2;
				MTL_ENABLE_DEBUG_INFO = YES;
				ONLY_ACTIVE_ARCH = YES;
				SDKROOT = iphoneos;
				SWIFT_OPTIMIZATION_LEVEL = "-Onone";
			};
			name = Debug;
		};
		D92EC77A1C4A5675000FB00F /* Release */ = {
			isa = XCBuildConfiguration;
			buildSettings = {
				ALWAYS_SEARCH_USER_PATHS = NO;
				CLANG_CXX_LANGUAGE_STANDARD = "gnu++0x";
				CLANG_CXX_LIBRARY = "libc++";
				CLANG_ENABLE_MODULES = YES;
				CLANG_ENABLE_OBJC_ARC = YES;
				CLANG_WARN_BOOL_CONVERSION = YES;
				CLANG_WARN_CONSTANT_CONVERSION = YES;
				CLANG_WARN_DIRECT_OBJC_ISA_USAGE = YES_ERROR;
				CLANG_WARN_EMPTY_BODY = YES;
				CLANG_WARN_ENUM_CONVERSION = YES;
				CLANG_WARN_INT_CONVERSION = YES;
				CLANG_WARN_OBJC_ROOT_CLASS = YES_ERROR;
				CLANG_WARN_UNREACHABLE_CODE = YES;
				CLANG_WARN__DUPLICATE_METHOD_MATCH = YES;
				"CODE_SIGN_IDENTITY[sdk=iphoneos*]" = "iPhone Developer";
				COPY_PHASE_STRIP = NO;
				DEBUG_INFORMATION_FORMAT = "dwarf-with-dsym";
				ENABLE_NS_ASSERTIONS = NO;
				ENABLE_STRICT_OBJC_MSGSEND = YES;
				GCC_C_LANGUAGE_STANDARD = gnu99;
				GCC_NO_COMMON_BLOCKS = YES;
				GCC_WARN_64_TO_32_BIT_CONVERSION = YES;
				GCC_WARN_ABOUT_RETURN_TYPE = YES_ERROR;
				GCC_WARN_UNDECLARED_SELECTOR = YES;
				GCC_WARN_UNINITIALIZED_AUTOS = YES_AGGRESSIVE;
				GCC_WARN_UNUSED_FUNCTION = YES;
				GCC_WARN_UNUSED_VARIABLE = YES;
				IPHONEOS_DEPLOYMENT_TARGET = 9.2;
				MTL_ENABLE_DEBUG_INFO = NO;
				SDKROOT = iphoneos;
				VALIDATE_PRODUCT = YES;
			};
			name = Release;
		};
		D92EC77C1C4A5675000FB00F /* Debug */ = {
			isa = XCBuildConfiguration;
			buildSettings = {
				ASSETCATALOG_COMPILER_APPICON_NAME = AppIcon;
				INFOPLIST_FILE = TestFiele_TestViewSample/Info.plist;
				LD_RUNPATH_SEARCH_PATHS = "$(inherited) @executable_path/Frameworks";
				PRODUCT_BUNDLE_IDENTIFIER = "com.thinkofsomethingclever.TestFiele-TestViewSample";
				PRODUCT_NAME = "$(TARGET_NAME)";
			};
			name = Debug;
		};
		D92EC77D1C4A5675000FB00F /* Release */ = {
			isa = XCBuildConfiguration;
			buildSettings = {
				ASSETCATALOG_COMPILER_APPICON_NAME = AppIcon;
				INFOPLIST_FILE = TestFiele_TestViewSample/Info.plist;
				LD_RUNPATH_SEARCH_PATHS = "$(inherited) @executable_path/Frameworks";
				PRODUCT_BUNDLE_IDENTIFIER = "com.thinkofsomethingclever.TestFiele-TestViewSample";
				PRODUCT_NAME = "$(TARGET_NAME)";
			};
			name = Release;
		};
		D92EC77F1C4A5675000FB00F /* Debug */ = {
			isa = XCBuildConfiguration;
			buildSettings = {
				BUNDLE_LOADER = "$(TEST_HOST)";
				INFOPLIST_FILE = TestFiele_TestViewSampleTests/Info.plist;
				LD_RUNPATH_SEARCH_PATHS = "$(inherited) @executable_path/Frameworks @loader_path/Frameworks";
				PRODUCT_BUNDLE_IDENTIFIER = "com.thinkofsomethingclever.TestFiele-TestViewSampleTests";
				PRODUCT_NAME = "$(TARGET_NAME)";
				TEST_HOST = "$(BUILT_PRODUCTS_DIR)/TestFiele_TestViewSample.app/TestFiele_TestViewSample";
			};
			name = Debug;
		};
		D92EC7801C4A5675000FB00F /* Release */ = {
			isa = XCBuildConfiguration;
			buildSettings = {
				BUNDLE_LOADER = "$(TEST_HOST)";
				INFOPLIST_FILE = TestFiele_TestViewSampleTests/Info.plist;
				LD_RUNPATH_SEARCH_PATHS = "$(inherited) @executable_path/Frameworks @loader_path/Frameworks";
				PRODUCT_BUNDLE_IDENTIFIER = "com.thinkofsomethingclever.TestFiele-TestViewSampleTests";
				PRODUCT_NAME = "$(TARGET_NAME)";
				TEST_HOST = "$(BUILT_PRODUCTS_DIR)/TestFiele_TestViewSample.app/TestFiele_TestViewSample";
			};
			name = Release;
		};
		D92EC7821C4A5675000FB00F /* Debug */ = {
			isa = XCBuildConfiguration;
			buildSettings = {
				INFOPLIST_FILE = TestFiele_TestViewSampleUITests/Info.plist;
				LD_RUNPATH_SEARCH_PATHS = "$(inherited) @executable_path/Frameworks @loader_path/Frameworks";
				PRODUCT_BUNDLE_IDENTIFIER = "com.thinkofsomethingclever.TestFiele-TestViewSampleUITests";
				PRODUCT_NAME = "$(TARGET_NAME)";
				TEST_TARGET_NAME = TestFiele_TestViewSample;
				USES_XCTRUNNER = YES;
			};
			name = Debug;
		};
		D92EC7831C4A5675000FB00F /* Release */ = {
			isa = XCBuildConfiguration;
			buildSettings = {
				INFOPLIST_FILE = TestFiele_TestViewSampleUITests/Info.plist;
				LD_RUNPATH_SEARCH_PATHS = "$(inherited) @executable_path/Frameworks @loader_path/Frameworks";
				PRODUCT_BUNDLE_IDENTIFIER = "com.thinkofsomethingclever.TestFiele-TestViewSampleUITests";
				PRODUCT_NAME = "$(TARGET_NAME)";
				TEST_TARGET_NAME = TestFiele_TestViewSample;
				USES_XCTRUNNER = YES;
			};
			name = Release;
		};
/* End XCBuildConfiguration section */

/* Begin XCConfigurationList section */
		D92EC74B1C4A5675000FB00F /* Build configuration list for PBXProject "TestFiele_TestViewSample" */ = {
			isa = XCConfigurationList;
			buildConfigurations = (
				D92EC7791C4A5675000FB00F /* Debug */,
				D92EC77A1C4A5675000FB00F /* Release */,
			);
			defaultConfigurationIsVisible = 0;
			defaultConfigurationName = Release;
		};
		D92EC77B1C4A5675000FB00F /* Build configuration list for PBXNativeTarget "TestFiele_TestViewSample" */ = {
			isa = XCConfigurationList;
			buildConfigurations = (
				D92EC77C1C4A5675000FB00F /* Debug */,
				D92EC77D1C4A5675000FB00F /* Release */,
			);
			defaultConfigurationIsVisible = 0;
		};
		D92EC77E1C4A5675000FB00F /* Build configuration list for PBXNativeTarget "TestFiele_TestViewSampleTests" */ = {
			isa = XCConfigurationList;
			buildConfigurations = (
				D92EC77F1C4A5675000FB00F /* Debug */,
				D92EC7801C4A5675000FB00F /* Release */,
			);
			defaultConfigurationIsVisible = 0;
		};
		D92EC7811C4A5675000FB00F /* Build configuration list for PBXNativeTarget "TestFiele_TestViewSampleUITests" */ = {
			isa = XCConfigurationList;
			buildConfigurations = (
				D92EC7821C4A5675000FB00F /* Debug */,
				D92EC7831C4A5675000FB00F /* Release */,
			);
			defaultConfigurationIsVisible = 0;
		};
/* End XCConfigurationList section */

/* Begin XCVersionGroup section */
		D92EC75A1C4A5675000FB00F /* TestFiele_TestViewSample.xcdatamodeld */ = {
			isa = XCVersionGroup;
			children = (
				D92EC75B1C4A5675000FB00F /* TestFiele_TestViewSample.xcdatamodel */,
			);
			currentVersion = D92EC75B1C4A5675000FB00F /* TestFiele_TestViewSample.xcdatamodel */;
			path = TestFiele_TestViewSample.xcdatamodeld;
			sourceTree = "<group>";
			versionGroupType = wrapper.xcdatamodel;
		};
/* End XCVersionGroup section */
	};
	rootObject = D92EC7481C4A5675000FB00F /* Project object */;
}
